
Microsoft Visual Studio Solution File, Format Version 12.00
# Visual Studio 15
VisualStudioVersion = 15.0.28307.489
MinimumVisualStudioVersion = 10.0.40219.1
Project("{888888A0-9F3D-457C-B088-3A5042F75D52}") = "riff-decode", "riff-decode.pyproj", "{8A6719E4-68F5-4041-9914-B77A7FA6EDE0}"
EndProject
Global
	GlobalSection(SolutionConfigurationPlatforms) = preSolution
		Debug|Any CPU = Debug|Any CPU
		Release|Any CPU = Release|Any CPU
	EndGlobalSection
	GlobalSection(ProjectConfigurationPlatforms) = postSolution
		{8A6719E4-68F5-4041-9914-B77A7FA6EDE0}.Debug|Any CPU.ActiveCfg = Debug|Any CPU
		{8A6719E4-68F5-4041-9914-B77A7FA6EDE0}.Release|Any CPU.ActiveCfg = Release|Any CPU
	EndGlobalSection
	GlobalSection(SolutionProperties) = preSolution
		HideSolutionNode = FALSE
	EndGlobalSection
	GlobalSection(ExtensibilityGlobals) = postSolution
		SolutionGuid = {8318B262-B45D-4742-A572-162F9ACD4FFD}
	EndGlobalSection
EndGlobal
